
Microsoft Visual Studio Solution File, Format Version 12.00
# Visual Studio Version 17
VisualStudioVersion = 17.14.36109.1 d17.14
MinimumVisualStudioVersion = 10.0.40219.1
Project("{FAE04EC0-301F-11D3-BF4B-00C04F79EFBC}") = "SecureHouseRentalSystem", "SecureHouseRentalSystem\SecureHouseRentalSystem.csproj", "{C1D1FB5D-9EC2-4731-BCF9-5B5A477FC523}"
EndProject
Global
	GlobalSection(SolutionConfigurationPlatforms) = preSolution
		Debug|Any CPU = Debug|Any CPU
		Release|Any CPU = Release|Any CPU
	EndGlobalSection
	GlobalSection(ProjectConfigurationPlatforms) = postSolution
		{C1D1FB5D-9EC2-4731-BCF9-5B5A477FC523}.Debug|Any CPU.ActiveCfg = Debug|Any CPU
		{C1D1FB5D-9EC2-4731-BCF9-5B5A477FC523}.Debug|Any CPU.Build.0 = Debug|Any CPU
		{C1D1FB5D-9EC2-4731-BCF9-5B5A477FC523}.Release|Any CPU.ActiveCfg = Release|Any CPU
		{C1D1FB5D-9EC2-4731-BCF9-5B5A477FC523}.Release|Any CPU.Build.0 = Release|Any CPU
	EndGlobalSection
	GlobalSection(SolutionProperties) = preSolution
		HideSolutionNode = FALSE
	EndGlobalSection
	GlobalSection(ExtensibilityGlobals) = postSolution
		SolutionGuid = {3A47640E-4DB0-4B7B-87CB-A6F08B33CB2E}
	EndGlobalSection
EndGlobal
